
Microsoft Visual Studio Solution File, Format Version 12.00
# Visual Studio Version 17
VisualStudioVersion = 17.7.34202.233
MinimumVisualStudioVersion = 10.0.40219.1
Project("{FAE04EC0-301F-11D3-BF4B-00C04F79EFBC}") = "ListasIndexadas_SAEG", "ListasIndexadas_SAEG\ListasIndexadas_SAEG.csproj", "{7C513D81-8E2D-4517-8EDC-861F098BCF3C}"
EndProject
Global
	GlobalSection(SolutionConfigurationPlatforms) = preSolution
		Debug|Any CPU = Debug|Any CPU
		Release|Any CPU = Release|Any CPU
	EndGlobalSection
	GlobalSection(ProjectConfigurationPlatforms) = postSolution
		{7C513D81-8E2D-4517-8EDC-861F098BCF3C}.Debug|Any CPU.ActiveCfg = Debug|Any CPU
		{7C513D81-8E2D-4517-8EDC-861F098BCF3C}.Debug|Any CPU.Build.0 = Debug|Any CPU
		{7C513D81-8E2D-4517-8EDC-861F098BCF3C}.Release|Any CPU.ActiveCfg = Release|Any CPU
		{7C513D81-8E2D-4517-8EDC-861F098BCF3C}.Release|Any CPU.Build.0 = Release|Any CPU
	EndGlobalSection
	GlobalSection(SolutionProperties) = preSolution
		HideSolutionNode = FALSE
	EndGlobalSection
	GlobalSection(ExtensibilityGlobals) = postSolution
		SolutionGuid = {EDDBB8EF-C580-43AE-8AE1-C155732AC4FF}
	EndGlobalSection
EndGlobal
